
Microsoft Visual Studio Solution File, Format Version 11.00
# Visual Studio 2010
Project("{FAE04EC0-301F-11D3-BF4B-00C04F79EFBC}") = "AntiSubmarineWeapon", "AntiSubmarineWeapon.csproj", "{44171218-B959-475B-8BC7-2A59C1825DAF}"
EndProject
Global
	GlobalSection(SolutionConfigurationPlatforms) = preSolution
		Debug|Any CPU = Debug|Any CPU
		Release|Any CPU = Release|Any CPU
	EndGlobalSection
	GlobalSection(ProjectConfigurationPlatforms) = postSolution
		{44171218-B959-475B-8BC7-2A59C1825DAF}.Debug|Any CPU.ActiveCfg = Debug|Any CPU
		{44171218-B959-475B-8BC7-2A59C1825DAF}.Debug|Any CPU.Build.0 = Debug|Any CPU
		{44171218-B959-475B-8BC7-2A59C1825DAF}.Release|Any CPU.ActiveCfg = Release|Any CPU
		{44171218-B959-475B-8BC7-2A59C1825DAF}.Release|Any CPU.Build.0 = Release|Any CPU
	EndGlobalSection
EndGlobal
